{
  "name": "sonomarzi-api",
  "lockfileVersion": 3,
  "requires": true,
  "packages": {
    "": {
      "name": "sonomarzi-api",
      "dependencies": {
        "@aws-sdk/client-location": "3.895.0",
        "web-push": "3.6.7"
      }
    },
    "node_modules/@aws-crypto/sha256-browser": {
      "version": "5.2.0",
      "resolved": "https://registry.npmjs.org/@aws-crypto/sha256-browser/-/sha256-browser-5.2.0.tgz",
      "integrity": "sha512-AXfN/lGotSQwu6HNcEsIASo7kWXZ5HYWvfOmSNKDsEqC4OashTp8alTmaz+F7TC2L083SFv5RdB+qU3Vs1kZqw==",
      "license": "Apache-2.0",
      "dependencies": {
        "@aws-crypto/sha256-js": "^5.2.0",
        "@aws-crypto/supports-web-crypto": "^5.2.0",
        "@aws-crypto/util": "^5.2.0",
        "@aws-sdk/types": "^3.222.0",
        "@aws-sdk/util-locate-window": "^3.0.0",
        "@smithy/util-utf8": "^2.0.0",
        "tslib": "^2.6.2"
      }
    },
    "node_modules/@aws-crypto/sha256-browser/node_modules/@smithy/util-utf8": {
      "version": "2.3.0",
      "resolved": "https://registry.npmjs.org/@smithy/util-utf8/-/util-utf8-2.3.0.tgz",
      "integrity": "sha512-R8Rdn8Hy72KKcebgLiv8jQcQkXoLMOGGv5uI1/k0l+snqkOzQ1R0ChUBCxWMlBsFMekWjq0wRudIweFs7sKT5A==",
      "license": "Apache-2.0",
      "dependencies": {
        "@smithy/util-buffer-from": "^2.2.0",
        "tslib": "^2.6.2"
      },
      "engines": {
        "node": ">=14.0.0"
      }
    },
    "node_modules/@aws-crypto/sha256-js": {
      "version": "5.2.0",
      "resolved": "https://registry.npmjs.org/@aws-crypto/sha256-js/-/sha256-js-5.2.0.tgz",
      "integrity": "sha512-FFQQyu7edu4ufvIZ+OadFpHHOt+eSTBaYaki44c+akjg7qZg9oOQeLlk77F6tSYqjDAFClrHJk9tMf0HdVyOvA==",
      "license": "Apache-2.0",
      "dependencies": {
        "@aws-crypto/util": "^5.2.0",
        "@aws-sdk/types": "^3.222.0",
        "tslib": "^2.6.2"
      },
      "engines": {
        "node": ">=16.0.0"
      }
    },
    "node_modules/@aws-crypto/supports-web-crypto": {
      "version": "5.2.0",
      "resolved": "https://registry.npmjs.org/@aws-crypto/supports-web-crypto/-/supports-web-crypto-5.2.0.tgz",
      "integrity": "sha512-iAvUotm021kM33eCdNfwIN//F77/IADDSs58i+MDaOqFrVjZo9bAal0NK7HurRuWLLpF1iLX7gbWrjHjeo+YFg==",
      "license": "Apache-2.0",
      "dependencies": {
        "tslib": "^2.6.2"
      }
    },
    "node_modules/@aws-crypto/util": {
      "version": "5.2.0",
      "resolved": "https://registry.npmjs.org/@aws-crypto/util/-/util-5.2.0.tgz",
      "integrity": "sha512-4RkU9EsI6ZpBve5fseQlGNUWKMa1RLPQ1dnjnQoe07ldfIzcsGb5hC5W0Dm7u423KWzawlrpbjXBrXCEv9zazQ==",
      "license": "Apache-2.0",
      "dependencies": {
        "@aws-sdk/types": "^3.222.0",
        "@smithy/util-utf8": "^2.0.0",
        "tslib": "^2.6.2"
      }
    },
    "node_modules/@aws-crypto/util/node_modules/@smithy/util-utf8": {
      "version": "2.3.0",
      "resolved": "https://registry.npmjs.org/@smithy/util-utf8/-/util-utf8-2.3.0.tgz",
      "integrity": "sha512-R8Rdn8Hy72KKcebgLiv8jQcQkXoLMOGGv5uI1/k0l+snqkOzQ1R0ChUBCxWMlBsFMekWjq0wRudIweFs7sKT5A==",
      "license": "Apache-2.0",
      "dependencies": {
        "@smithy/util-buffer-from": "^2.2.0",
        "tslib": "^2.6.2"
      },
      "engines": {
        "node": ">=14.0.0"
      }
    },
    "node_modules/@aws-sdk/client-location": {
      "version": "3.895.0",
      "resolved": "https://registry.npmjs.org/@aws-sdk/client-location/-/client-location-3.895.0.tgz",
      "integrity": "sha512-/lr8ZO6N1pZHMsJLVoTdF9C3hpc5k6W20nnBsCwJq4fN/clrQZnMZUS6hweEt+RaeHqdq04HbWOqV2BdzyIWnQ==",
      "license": "Apache-2.0",
      "dependencies": {
        "@aws-crypto/sha256-browser": "5.2.0",
        "@aws-crypto/sha256-js": "5.2.0",
        "@aws-sdk/core": "3.894.0",
        "@aws-sdk/credential-provider-node": "3.895.0",
        "@aws-sdk/middleware-host-header": "3.893.0",
        "@aws-sdk/middleware-logger": "3.893.0",
        "@aws-sdk/middleware-recursion-detection": "3.893.0",
        "@aws-sdk/middleware-user-agent": "3.895.0",
        "@aws-sdk/region-config-resolver": "3.893.0",
        "@aws-sdk/types": "3.893.0",
        "@aws-sdk/util-endpoints": "3.895.0",
        "@aws-sdk/util-user-agent-browser": "3.893.0",
        "@aws-sdk/util-user-agent-node": "3.895.0",
        "@smithy/config-resolver": "^4.2.2",
        "@smithy/core": "^3.11.1",
        "@smithy/fetch-http-handler": "^5.2.1",
        "@smithy/hash-node": "^4.1.1",
        "@smithy/invalid-dependency": "^4.1.1",
        "@smithy/middleware-content-length": "^4.1.1",
        "@smithy/middleware-endpoint": "^4.2.3",
        "@smithy/middleware-retry": "^4.2.4",
        "@smithy/middleware-serde": "^4.1.1",
        "@smithy/middleware-stack": "^4.1.1",
        "@smithy/node-config-provider": "^4.2.2",
        "@smithy/node-http-handler": "^4.2.1",
        "@smithy/protocol-http": "^5.2.1",
        "@smithy/smithy-client": "^4.6.3",
        "@smithy/types": "^4.5.0",
        "@smithy/url-parser": "^4.1.1",
        "@smithy/util-base64": "^4.1.0",
        "@smithy/util-body-length-browser": "^4.1.0",
        "@smithy/util-body-length-node": "^4.1.0",
        "@smithy/util-defaults-mode-browser": "^4.1.3",
        "@smithy/util-defaults-mode-node": "^4.1.3",
        "@smithy/util-endpoints": "^3.1.2",
        "@smithy/util-middleware": "^4.1.1",
        "@smithy/util-retry": "^4.1.2",
        "@smithy/util-stream": "^4.3.2",
        "@smithy/util-utf8": "^4.1.0",
        "tslib": "^2.6.2"
      },
      "engines": {
        "node": ">=18.0.0"
      }
    },
    "node_modules/@aws-sdk/client-sso": {
      "version": "3.895.0",
      "resolved": "https://registry.npmjs.org/@aws-sdk/client-sso/-/client-sso-3.895.0.tgz",
      "integrity": "sha512-AQHk6iJrwce/NwZa5/Njy0ZGoHdxWCajkgufhXk53L0kRiC3vUPPWEV1m1F3etQWhaUsatcO2xtRuKvLpe4zgA==",
      "license": "Apache-2.0",
      "dependencies": {
        "@aws-crypto/sha256-browser": "5.2.0",
        "@aws-crypto/sha256-js": "5.2.0",
        "@aws-sdk/core": "3.894.0",
        "@aws-sdk/middleware-host-header": "3.893.0",
        "@aws-sdk/middleware-logger": "3.893.0",
        "@aws-sdk/middleware-recursion-detection": "3.893.0",
        "@aws-sdk/middleware-user-agent": "3.895.0",
        "@aws-sdk/region-config-resolver": "3.893.0",
        "@aws-sdk/types": "3.893.0",
        "@aws-sdk/util-endpoints": "3.895.0",
        "@aws-sdk/util-user-agent-browser": "3.893.0",
        "@aws-sdk/util-user-agent-node": "3.895.0",
        "@smithy/config-resolver": "^4.2.2",
        "@smithy/core": "^3.11.1",
        "@smithy/fetch-http-handler": "^5.2.1",
        "@smithy/hash-node": "^4.1.1",
        "@smithy/invalid-dependency": "^4.1.1",
        "@smithy/middleware-content-length": "^4.1.1",
        "@smithy/middleware-endpoint": "^4.2.3",
        "@smithy/middleware-retry": "^4.2.4",
        "@smithy/middleware-serde": "^4.1.1",
        "@smithy/middleware-stack": "^4.1.1",
        "@smithy/node-config-provider": "^4.2.2",
        "@smithy/node-http-handler": "^4.2.1",
        "@smithy/protocol-http": "^5.2.1",
        "@smithy/smithy-client": "^4.6.3",
        "@smithy/types": "^4.5.0",
        "@smithy/url-parser": "^4.1.1",
        "@smithy/util-base64": "^4.1.0",
        "@smithy/util-body-length-browser": "^4.1.0",
        "@smithy/util-body-length-node": "^4.1.0",
        "@smithy/util-defaults-mode-browser": "^4.1.3",
        "@smithy/util-defaults-mode-node": "^4.1.3",
        "@smithy/util-endpoints": "^3.1.2",
        "@smithy/util-middleware": "^4.1.1",
        "@smithy/util-retry": "^4.1.2",
        "@smithy/util-utf8": "^4.1.0",
        "tslib": "^2.6.2"
      },
      "engines": {
        "node": ">=18.0.0"
      }
    },
    "node_modules/@aws-sdk/core": {
      "version": "3.894.0",
      "resolved": "https://registry.npmjs.org/@aws-sdk/core/-/core-3.894.0.tgz",
      "integrity": "sha512-7zbO31NV2FaocmMtWOg/fuTk3PC2Ji2AC0Fi2KqrppEDIcwLlTTuT9w/rdu/93Pz+wyUhCxWnDc0tPbwtCLs+A==",
      "license": "Apache-2.0",
      "dependencies": {
        "@aws-sdk/types": "3.893.0",
        "@aws-sdk/xml-builder": "3.894.0",
        "@smithy/core": "^3.11.1",
        "@smithy/node-config-provider": "^4.2.2",
        "@smithy/property-provider": "^4.1.1",
        "@smithy/protocol-http": "^5.2.1",
        "@smithy/signature-v4": "^5.2.1",
        "@smithy/smithy-client": "^4.6.3",
        "@smithy/types": "^4.5.0",
        "@smithy/util-base64": "^4.1.0",
        "@smithy/util-body-length-browser": "^4.1.0",
        "@smithy/util-middleware": "^4.1.1",
        "@smithy/util-utf8": "^4.1.0",
        "tslib": "^2.6.2"
      },
      "engines": {
        "node": ">=18.0.0"
      }
    },
    "node_modules/@aws-sdk/credential-provider-env": {
      "version": "3.894.0",
      "resolved": "https://registry.npmjs.org/@aws-sdk/credential-provider-env/-/credential-provider-env-3.894.0.tgz",
      "integrity": "sha512-2aiQJIRWOuROPPISKgzQnH/HqSfucdk5z5VMemVH3Mm2EYOrzBwmmiiFpmSMN3ST+sE8c7gusqycUchP+KfALQ==",
      "license": "Apache-2.0",
      "dependencies": {
        "@aws-sdk/core": "3.894.0",
        "@aws-sdk/types": "3.893.0",
        "@smithy/property-provider": "^4.1.1",
        "@smithy/types": "^4.5.0",
        "tslib": "^2.6.2"
      },
      "engines": {
        "node": ">=18.0.0"
      }
    },
    "node_modules/@aws-sdk/credential-provider-http": {
      "version": "3.894.0",
      "resolved": "https://registry.npmjs.org/@aws-sdk/credential-provider-http/-/credential-provider-http-3.894.0.tgz",
      "integrity": "sha512-Z5QQpqFRflszrT+lUq6+ORuu4jRDcpgCUSoTtlhczidMqfdOSckKmK3chZEfmUUJPSwoFQZ7EiVTsX3c886fBg==",
      "license": "Apache-2.0",
      "dependencies": {
        "@aws-sdk/core": "3.894.0",
        "@aws-sdk/types": "3.893.0",
        "@smithy/fetch-http-handler": "^5.2.1",
        "@smithy/node-http-handler": "^4.2.1",
        "@smithy/property-provider": "^4.1.1",
        "@smithy/protocol-http": "^5.2.1",
        "@smithy/smithy-client": "^4.6.3",
        "@smithy/types": "^4.5.0",
        "@smithy/util-stream": "^4.3.2",
        "tslib": "^2.6.2"
      },
      "engines": {
        "node": ">=18.0.0"
      }
    },
    "node_modules/@aws-sdk/credential-provider-ini": {
      "version": "3.895.0",
      "resolved": "https://registry.npmjs.org/@aws-sdk/credential-provider-ini/-/credential-provider-ini-3.895.0.tgz",
      "integrity": "sha512-uIh7N4IN/yIk+qYMAkVpVkjhB90SGKSfaXEVcnmxzBDG6e5304HKT0esqoCVZvtFfLKasjm2TOpalM5l3fi/dA==",
      "license": "Apache-2.0",
      "dependencies": {
        "@aws-sdk/core": "3.894.0",
        "@aws-sdk/credential-provider-env": "3.894.0",
        "@aws-sdk/credential-provider-http": "3.894.0",
        "@aws-sdk/credential-provider-process": "3.894.0",
        "@aws-sdk/credential-provider-sso": "3.895.0",
        "@aws-sdk/credential-provider-web-identity": "3.895.0",
        "@aws-sdk/nested-clients": "3.895.0",
        "@aws-sdk/types": "3.893.0",
        "@smithy/credential-provider-imds": "^4.1.2",
        "@smithy/property-provider": "^4.1.1",
        "@smithy/shared-ini-file-loader": "^4.2.0",
        "@smithy/types": "^4.5.0",
        "tslib": "^2.6.2"
      },
      "engines": {
        "node": ">=18.0.0"
      }
    },
    "node_modules/@aws-sdk/credential-provider-node": {
      "version": "3.895.0",
      "resolved": "https://registry.npmjs.org/@aws-sdk/credential-provider-node/-/credential-provider-node-3.895.0.tgz",
      "integrity": "sha512-7xsBCmkBUz+2sNqNsDJ1uyQsBvwhNFzwFt8wX39WrFJTpTQh3uNQ5g8QH21BbkKqIFKCLdvgHgwt3Ub5RGVuPA==",
      "license": "Apache-2.0",
      "dependencies": {
        "@aws-sdk/credential-provider-env": "3.894.0",
        "@aws-sdk/credential-provider-http": "3.894.0",
        "@aws-sdk/credential-provider-ini": "3.895.0",
        "@aws-sdk/credential-provider-process": "3.894.0",
        "@aws-sdk/credential-provider-sso": "3.895.0",
        "@aws-sdk/credential-provider-web-identity": "3.895.0",
        "@aws-sdk/types": "3.893.0",
        "@smithy/credential-provider-imds": "^4.1.2",
        "@smithy/property-provider": "^4.1.1",
        "@smithy/shared-ini-file-loader": "^4.2.0",
        "@smithy/types": "^4.5.0",
        "tslib": "^2.6.2"
      },
      "engines": {
        "node": ">=18.0.0"
      }
    },
    "node_modules/@aws-sdk/credential-provider-process": {
      "version": "3.894.0",
      "resolved": "https://registry.npmjs.org/@aws-sdk/credential-provider-process/-/credential-provider-process-3.894.0.tgz",
      "integrity": "sha512-VU74GNsj+SsO+pl4d+JimlQ7+AcderZaC6bFndQssQdFZ5NRad8yFNz5Xbec8CPJr+z/VAwHib6431F5nYF46g==",
      "license": "Apache-2.0",
      "dependencies": {
        "@aws-sdk/core": "3.894.0",
        "@aws-sdk/types": "3.893.0",
        "@smithy/property-provider": "^4.1.1",
        "@smithy/shared-ini-file-loader": "^4.2.0",
        "@smithy/types": "^4.5.0",
        "tslib": "^2.6.2"
      },
      "engines": {
        "node": ">=18.0.0"
      }
    },
    "node_modules/@aws-sdk/credential-provider-sso": {
      "version": "3.895.0",
      "resolved": "https://registry.npmjs.org/@aws-sdk/credential-provider-sso/-/credential-provider-sso-3.895.0.tgz",
      "integrity": "sha512-bZCcHUZGz+XlCaK0KEOHGHkMtlwIvnpxJvlZtSCVaBdX/IgouxaB42fxChflxSMRWF45ygdezfky4i17f6vC4w==",
      "license": "Apache-2.0",
      "dependencies": {
        "@aws-sdk/client-sso": "3.895.0",
        "@aws-sdk/core": "3.894.0",
        "@aws-sdk/token-providers": "3.895.0",
        "@aws-sdk/types": "3.893.0",
        "@smithy/property-provider": "^4.1.1",
        "@smithy/shared-ini-file-loader": "^4.2.0",
        "@smithy/types": "^4.5.0",
        "tslib": "^2.6.2"
      },
      "engines": {
        "node": ">=18.0.0"
      }
    },
    "node_modules/@aws-sdk/credential-provider-web-identity": {
      "version": "3.895.0",
      "resolved": "https://registry.npmjs.org/@aws-sdk/credential-provider-web-identity/-/credential-provider-web-identity-3.895.0.tgz",
      "integrity": "sha512-tKbXbOp2xrL02fxKvB7ko1E4Uvyy5TF9qi5pT2MVWNnfSsBlUM80aJ6tyUPKWXdUTdAlPrU3XcwgQl/DnnRa9A==",
      "license": "Apache-2.0",
      "dependencies": {
        "@aws-sdk/core": "3.894.0",
        "@aws-sdk/nested-clients": "3.895.0",
        "@aws-sdk/types": "3.893.0",
        "@smithy/property-provider": "^4.1.1",
        "@smithy/shared-ini-file-loader": "^4.2.0",
        "@smithy/types": "^4.5.0",
        "tslib": "^2.6.2"
      },
      "engines": {
        "node": ">=18.0.0"
      }
    },
    "node_modules/@aws-sdk/middleware-host-header": {
      "version": "3.893.0",
      "resolved": "https://registry.npmjs.org/@aws-sdk/middleware-host-header/-/middleware-host-header-3.893.0.tgz",
      "integrity": "sha512-qL5xYRt80ahDfj9nDYLhpCNkDinEXvjLe/Qen/Y/u12+djrR2MB4DRa6mzBCkLkdXDtf0WAoW2EZsNCfGrmOEQ==",
      "license": "Apache-2.0",
      "dependencies": {
        "@aws-sdk/types": "3.893.0",
        "@smithy/protocol-http": "^5.2.1",
        "@smithy/types": "^4.5.0",
        "tslib": "^2.6.2"
      },
      "engines": {
        "node": ">=18.0.0"
      }
    },
    "node_modules/@aws-sdk/middleware-logger": {
      "version": "3.893.0",
      "resolved": "https://registry.npmjs.org/@aws-sdk/middleware-logger/-/middleware-logger-3.893.0.tgz",
      "integrity": "sha512-ZqzMecjju5zkBquSIfVfCORI/3Mge21nUY4nWaGQy+NUXehqCGG4W7AiVpiHGOcY2cGJa7xeEkYcr2E2U9U0AA==",
      "license": "Apache-2.0",
      "dependencies": {
        "@aws-sdk/types": "3.893.0",
        "@smithy/types": "^4.5.0",
        "tslib": "^2.6.2"
      },
      "engines": {
        "node": ">=18.0.0"
      }
    },
    "node_modules/@aws-sdk/middleware-recursion-detection": {
      "version": "3.893.0",
      "resolved": "https://registry.npmjs.org/@aws-sdk/middleware-recursion-detection/-/middleware-recursion-detection-3.893.0.tgz",
      "integrity": "sha512-H7Zotd9zUHQAr/wr3bcWHULYhEeoQrF54artgsoUGIf/9emv6LzY89QUccKIxYd6oHKNTrTyXm9F0ZZrzXNxlg==",
      "license": "Apache-2.0",
      "dependencies": {
        "@aws-sdk/types": "3.893.0",
        "@aws/lambda-invoke-store": "^0.0.1",
        "@smithy/protocol-http": "^5.2.1",
        "@smithy/types": "^4.5.0",
        "tslib": "^2.6.2"
      },
      "engines": {
        "node": ">=18.0.0"
      }
    },
    "node_modules/@aws-sdk/middleware-user-agent": {
      "version": "3.895.0",
      "resolved": "https://registry.npmjs.org/@aws-sdk/middleware-user-agent/-/middleware-user-agent-3.895.0.tgz",
      "integrity": "sha512-JUqQW2RPp4I95wZ/Im9fTiaX3DF55oJgeoiNlLdHkQZPSNNS/pT1WMWMReSvJdcfSNU3xSUaLtI+h4mQjQUDbQ==",
      "license": "Apache-2.0",
      "dependencies": {
        "@aws-sdk/core": "3.894.0",
        "@aws-sdk/types": "3.893.0",
        "@aws-sdk/util-endpoints": "3.895.0",
        "@smithy/core": "^3.11.1",
        "@smithy/protocol-http": "^5.2.1",
        "@smithy/types": "^4.5.0",
        "tslib": "^2.6.2"
      },
      "engines": {
        "node": ">=18.0.0"
      }
    },
    "node_modules/@aws-sdk/nested-clients": {
      "version": "3.895.0",
      "resolved": "https://registry.npmjs.org/@aws-sdk/nested-clients/-/nested-clients-3.895.0.tgz",
      "integrity": "sha512-8w1ihfYgvds6kfal/qJXQQrHRsKYh2nujSyzWMo2TMKMze9WPZA93G4mRbRtKtbSuQ66mVWePH8Cksq35ABu2Q==",
      "license": "Apache-2.0",
      "dependencies": {
        "@aws-crypto/sha256-browser": "5.2.0",
        "@aws-crypto/sha256-js": "5.2.0",
        "@aws-sdk/core": "3.894.0",
        "@aws-sdk/middleware-host-header": "3.893.0",
        "@aws-sdk/middleware-logger": "3.893.0",
        "@aws-sdk/middleware-recursion-detection": "3.893.0",
        "@aws-sdk/middleware-user-agent": "3.895.0",
        "@aws-sdk/region-config-resolver": "3.893.0",
        "@aws-sdk/types": "3.893.0",
        "@aws-sdk/util-endpoints": "3.895.0",
        "@aws-sdk/util-user-agent-browser": "3.893.0",
        "@aws-sdk/util-user-agent-node": "3.895.0",
        "@smithy/config-resolver": "^4.2.2",
        "@smithy/core": "^3.11.1",
        "@smithy/fetch-http-handler": "^5.2.1",
        "@smithy/hash-node": "^4.1.1",
        "@smithy/invalid-dependency": "^4.1.1",
        "@smithy/middleware-content-length": "^4.1.1",
        "@smithy/middleware-endpoint": "^4.2.3",
        "@smithy/middleware-retry": "^4.2.4",
        "@smithy/middleware-serde": "^4.1.1",
        "@smithy/middleware-stack": "^4.1.1",
        "@smithy/node-config-provider": "^4.2.2",
        "@smithy/node-http-handler": "^4.2.1",
        "@smithy/protocol-http": "^5.2.1",
        "@smithy/smithy-client": "^4.6.3",
        "@smithy/types": "^4.5.0",
        "@smithy/url-parser": "^4.1.1",
        "@smithy/util-base64": "^4.1.0",
        "@smithy/util-body-length-browser": "^4.1.0",
        "@smithy/util-body-length-node": "^4.1.0",
        "@smithy/util-defaults-mode-browser": "^4.1.3",
        "@smithy/util-defaults-mode-node": "^4.1.3",
        "@smithy/util-endpoints": "^3.1.2",
        "@smithy/util-middleware": "^4.1.1",
        "@smithy/util-retry": "^4.1.2",
        "@smithy/util-utf8": "^4.1.0",
        "tslib": "^2.6.2"
      },
      "engines": {
        "node": ">=18.0.0"
      }
    },
    "node_modules/@aws-sdk/region-config-resolver": {
      "version": "3.893.0",
      "resolved": "https://registry.npmjs.org/@aws-sdk/region-config-resolver/-/region-config-resolver-3.893.0.tgz",
      "integrity": "sha512-/cJvh3Zsa+Of0Zbg7vl9wp/kZtdb40yk/2+XcroAMVPO9hPvmS9r/UOm6tO7FeX4TtkRFwWaQJiTZTgSdsPY+Q==",
      "license": "Apache-2.0",
      "dependencies": {
        "@aws-sdk/types": "3.893.0",
        "@smithy/node-config-provider": "^4.2.2",
        "@smithy/types": "^4.5.0",
        "@smithy/util-config-provider": "^4.1.0",
        "@smithy/util-middleware": "^4.1.1",
        "tslib": "^2.6.2"
      },
      "engines": {
        "node": ">=18.0.0"
      }
    },
    "node_modules/@aws-sdk/token-providers": {
      "version": "3.895.0",
      "resolved": "https://registry.npmjs.org/@aws-sdk/token-providers/-/token-providers-3.895.0.tgz",
      "integrity": "sha512-vJqrEHFFGRZ3ok5T+jII00sa2DQ3HdVkTBIfM0DcrcPssqDV18VKdA767qiBdIEN/cygjdBg8Ri/cuq6ER9BeQ==",
      "license": "Apache-2.0",
      "dependencies": {
        "@aws-sdk/core": "3.894.0",
        "@aws-sdk/nested-clients": "3.895.0",
        "@aws-sdk/types": "3.893.0",
        "@smithy/property-provider": "^4.1.1",
        "@smithy/shared-ini-file-loader": "^4.2.0",
        "@smithy/types": "^4.5.0",
        "tslib": "^2.6.2"
      },
      "engines": {
        "node": ">=18.0.0"
      }
    },
    "node_modules/@aws-sdk/types": {
      "version": "3.893.0",
      "resolved": "https://registry.npmjs.org/@aws-sdk/types/-/types-3.893.0.tgz",
      "integrity": "sha512-Aht1nn5SnA0N+Tjv0dzhAY7CQbxVtmq1bBR6xI0MhG7p2XYVh1wXuKTzrldEvQWwA3odOYunAfT9aBiKZx9qIg==",
      "license": "Apache-2.0",
      "dependencies": {
        "@smithy/types": "^4.5.0",
        "tslib": "^2.6.2"
      },
      "engines": {
        "node": ">=18.0.0"
      }
    },
    "node_modules/@aws-sdk/util-endpoints": {
      "version": "3.895.0",
      "resolved": "https://registry.npmjs.org/@aws-sdk/util-endpoints/-/util-endpoints-3.895.0.tgz",
      "integrity": "sha512-MhxBvWbwxmKknuggO2NeMwOVkHOYL98pZ+1ZRI5YwckoCL3AvISMnPJgfN60ww6AIXHGpkp+HhpFdKOe8RHSEg==",
      "license": "Apache-2.0",
      "dependencies": {
        "@aws-sdk/types": "3.893.0",
        "@smithy/types": "^4.5.0",
        "@smithy/url-parser": "^4.1.1",
        "@smithy/util-endpoints": "^3.1.2",
        "tslib": "^2.6.2"
      },
      "engines": {
        "node": ">=18.0.0"
      }
    },
    "node_modules/@aws-sdk/util-locate-window": {
      "version": "3.965.10",
      "resolved": "https://registry.npmjs.org/@aws-sdk/util-locate-window/-/util-locate-window-3.965.10.tgz",
      "integrity": "sha512-ycwH6Zd2GhuSqdXX9ihbCjeGTB6xOJs+O3+Jb8/zDG9978XU80qs75dfkPJRMNKe5MvBZPuNeFpd4JZKPoUF4g==",
      "license": "Apache-2.0",
      "dependencies": {
        "tslib": "^2.6.2"
      },
      "engines": {
        "node": ">=20.0.0"
      }
    },
    "node_modules/@aws-sdk/util-user-agent-browser": {
      "version": "3.893.0",
      "resolved": "https://registry.npmjs.org/@aws-sdk/util-user-agent-browser/-/util-user-agent-browser-3.893.0.tgz",
      "integrity": "sha512-PE9NtbDBW6Kgl1bG6A5fF3EPo168tnkj8TgMcT0sg4xYBWsBpq0bpJZRh+Jm5Bkwiw9IgTCLjEU7mR6xWaMB9w==",
      "license": "Apache-2.0",
      "dependencies": {
        "@aws-sdk/types": "3.893.0",
        "@smithy/types": "^4.5.0",
        "bowser": "^2.11.0",
        "tslib": "^2.6.2"
      }
    },
    "node_modules/@aws-sdk/util-user-agent-node": {
      "version": "3.895.0",
      "resolved": "https://registry.npmjs.org/@aws-sdk/util-user-agent-node/-/util-user-agent-node-3.895.0.tgz",
      "integrity": "sha512-lLRC7BAFOPtJk4cZC0Q0MZBMCGF109QpGnug3L3n/2TJW02Sinz9lzA0ykBpYXe9j60LjIYSENCg+F4DZE5vxg==",
      "license": "Apache-2.0",
      "dependencies": {
        "@aws-sdk/middleware-user-agent": "3.895.0",
        "@aws-sdk/types": "3.893.0",
        "@smithy/node-config-provider": "^4.2.2",
        "@smithy/types": "^4.5.0",
        "tslib": "^2.6.2"
      },
      "engines": {
        "node": ">=18.0.0"
      },
      "peerDependencies": {
        "aws-crt": ">=1.0.0"
      },
      "peerDependenciesMeta": {
        "aws-crt": {
          "optional": true
        }
      }
    },
    "node_modules/@aws-sdk/xml-builder": {
      "version": "3.894.0",
      "resolved": "https://registry.npmjs.org/@aws-sdk/xml-builder/-/xml-builder-3.894.0.tgz",
      "integrity": "sha512-E6EAMc9dT1a2DOdo4zyOf3fp5+NJ2wI+mcm7RaW1baFIWDwcb99PpvWoV7YEiK7oaBDshuOEGWKUSYXdW+JYgA==",
      "license": "Apache-2.0",
      "dependencies": {
        "@smithy/types": "^4.5.0",
        "fast-xml-parser": "5.2.5",
        "tslib": "^2.6.2"
      },
      "engines": {
        "node": ">=18.0.0"
      }
    },
    "node_modules/@aws/lambda-invoke-store": {
      "version": "0.0.1",
      "resolved": "https://registry.npmjs.org/@aws/lambda-invoke-store/-/lambda-invoke-store-0.0.1.tgz",
      "integrity": "sha512-ORHRQ2tmvnBXc8t/X9Z8IcSbBA4xTLKuN873FopzklHMeqBst7YG0d+AX97inkvDX+NChYtSr+qGfcqGFaI8Zw==",
      "license": "Apache-2.0",
      "engines": {
        "node": ">=18.0.0"
      }
    },
    "node_modules/@smithy/config-resolver": {
      "version": "4.7.2",
      "resolved": "https://registry.npmjs.org/@smithy/config-resolver/-/config-resolver-4.7.2.tgz",
      "integrity": "sha512-Y1XfSefHIOub9762qm3ShafdlEE/Va8h3kLUeMq765fNeWeNLcOP2YUPr86H1SlyGwZTOqQ67RlBZPZ3k9Djgg==",
      "license": "Apache-2.0",
      "dependencies": {
        "@smithy/core": "^3.33.2",
        "tslib": "^2.6.2"
      },
      "engines": {
        "node": ">=18.0.0"
      }
    },
    "node_modules/@smithy/core": {
      "version": "3.35.1",
      "resolved": "https://registry.npmjs.org/@smithy/core/-/core-3.35.1.tgz",
      "integrity": "sha512-i4YPS4B6ts7bjn7UwLnGjiZdprOvHvgGobFZsYK3GIY3E5hIqtj0rReU69BcTpGp+fvtraSNXeG1l+jtJvF55w==",
      "license": "Apache-2.0",
      "dependencies": {
        "@smithy/types": "^4.19.0",
        "tslib": "^2.6.2"
      },
      "engines": {
        "node": ">=18.0.0"
      }
    },
    "node_modules/@smithy/credential-provider-imds": {
      "version": "4.5.2",
      "resolved": "https://registry.npmjs.org/@smithy/credential-provider-imds/-/credential-provider-imds-4.5.2.tgz",
      "integrity": "sha512-A9uSdn72ozbRUSit0eib0TW7nXuNPlaeM0zcGkJ+nE6tFcSDbnmtwoxbTCFBukVQcszDAyvsd7+rTduPTXpygg==",
      "license": "Apache-2.0",
      "dependencies": {
        "@smithy/core": "^3.33.2",
        "@smithy/types": "^4.17.2",
        "tslib": "^2.6.2"
      },
      "engines": {
        "node": ">=18.0.0"
      }
    },
    "node_modules/@smithy/fetch-http-handler": {
      "version": "5.8.0",
      "resolved": "https://registry.npmjs.org/@smithy/fetch-http-handler/-/fetch-http-handler-5.8.0.tgz",
      "integrity": "sha512-ycSJu3tFAQ4v04CBB0agqFMVsSQ1iG3yw+SpgxRqKfaURpQD4CZ8Wn0zPMmSnOuTpTh65Vz+EA0rMrw089wvkA==",
      "license": "Apache-2.0",
      "dependencies": {
        "@smithy/core": "^3.33.3",
        "@smithy/types": "^4.18.0",
        "tslib": "^2.6.2"
      },
      "engines": {
        "node": ">=18.0.0"
      }
    },
    "node_modules/@smithy/hash-node": {
      "version": "4.5.2",
      "resolved": "https://registry.npmjs.org/@smithy/hash-node/-/hash-node-4.5.2.tgz",
      "integrity": "sha512-OcD8fGClTkP0BWHVEAgUp1RZyCw8cKfqTPQ+DgrSF5jvR8zKkw2Aud79L4G/1Fu3QKLcsHExxRIPQCcKx7+xkg==",
      "license": "Apache-2.0",
      "dependencies": {
        "@smithy/core": "^3.33.2",
        "tslib": "^2.6.2"
      },
      "engines": {
        "node": ">=18.0.0"
      }
    },
    "node_modules/@smithy/invalid-dependency": {
      "version": "4.5.2",
      "resolved": "https://registry.npmjs.org/@smithy/invalid-dependency/-/invalid-dependency-4.5.2.tgz",
      "integrity": "sha512-VONOgtCxIXtwXrLVZPUdxOELYpkFzNizkpbQE5CrJ/OEh12Osx+LVXsLEAF+JcvVqPODmUoOUaovlOjCQHTOow==",
      "license": "Apache-2.0",
      "dependencies": {
        "@smithy/core": "^3.33.2",
        "tslib": "^2.6.2"
      },
      "engines": {
        "node": ">=18.0.0"
      }
    },
    "node_modules/@smithy/is-array-buffer": {
      "version": "2.2.0",
      "resolved": "https://registry.npmjs.org/@smithy/is-array-buffer/-/is-array-buffer-2.2.0.tgz",
      "integrity": "sha512-GGP3O9QFD24uGeAXYUjwSTXARoqpZykHadOmA8G5vfJPK0/DC67qa//0qvqrJzL1xc8WQWX7/yc7fwudjPHPhA==",
      "license": "Apache-2.0",
      "dependencies": {
        "tslib": "^2.6.2"
      },
      "engines": {
        "node": ">=14.0.0"
      }
    },
    "node_modules/@smithy/middleware-content-length": {
      "version": "4.5.2",
      "resolved": "https://registry.npmjs.org/@smithy/middleware-content-length/-/middleware-content-length-4.5.2.tgz",
      "integrity": "sha512-43Ixsc2OE5rhruhc9a1vETUCmK3Yh1AIbg2+wwQUgloOIti2FgPHmPLLBkjIqx8vdmpABtsVlhazNr5TMZKJmA==",
      "license": "Apache-2.0",
      "dependencies": {
        "@smithy/core": "^3.33.2",
        "tslib": "^2.6.2"
      },
      "engines": {
        "node": ">=18.0.0"
      }
    },
    "node_modules/@smithy/middleware-endpoint": {
      "version": "4.7.2",
      "resolved": "https://registry.npmjs.org/@smithy/middleware-endpoint/-/middleware-endpoint-4.7.2.tgz",
      "integrity": "sha512-7HgK3/pQQHcD5w9lOPtK53/eDMKDp324Nd4KZ8XvxlcKHiWytuM9VwVOB2iy3rutsz/N1WNEWBkaRBayrGnuog==",
      "license": "Apache-2.0",
      "dependencies": {
        "@smithy/core": "^3.33.2",
        "tslib": "^2.6.2"
      },
      "engines": {
        "node": ">=18.0.0"
      }
    },
    "node_modules/@smithy/middleware-retry": {
      "version": "4.8.2",
      "resolved": "https://registry.npmjs.org/@smithy/middleware-retry/-/middleware-retry-4.8.2.tgz",
      "integrity": "sha512-wj0BTZ6SC7YI8hSLMbZCO1BP7k8JOuSUHjRYrZJApqNEiHL6jxaLs5Sr92EeXu5CuVzZOUCFUuewXusWxps0bQ==",
      "license": "Apache-2.0",
      "dependencies": {
        "@smithy/core": "^3.33.2",
        "tslib": "^2.6.2"
      },
      "engines": {
        "node": ">=18.0.0"
      }
    },
    "node_modules/@smithy/middleware-serde": {
      "version": "4.5.2",
      "resolved": "https://registry.npmjs.org/@smithy/middleware-serde/-/middleware-serde-4.5.2.tgz",
      "integrity": "sha512-5Qeqkw4IdmUQUGR/FRImBruFcnXiwGC8+EOVH377bonkQF66temzxM4HbCnOOQb8U/SClP1IdlFbC7CTmKux4Q==",
      "license": "Apache-2.0",
      "dependencies": {
        "@smithy/core": "^3.33.2",
        "tslib": "^2.6.2"
      },
      "engines": {
        "node": ">=18.0.0"
      }
    },
    "node_modules/@smithy/middleware-stack": {
      "version": "4.5.2",
      "resolved": "https://registry.npmjs.org/@smithy/middleware-stack/-/middleware-stack-4.5.2.tgz",
      "integrity": "sha512-db1TDSBA03WtomPMLWPy69L85vEaQbbnDHlmCYQ7hIqOdD22K+k8GlsVYdafYKaFkJaJW2OvcgcXOELGfhtptA==",
      "license": "Apache-2.0",
      "dependencies": {
        "@smithy/core": "^3.33.2",
        "tslib": "^2.6.2"
      },
      "engines": {
        "node": ">=18.0.0"
      }
    },
    "node_modules/@smithy/node-config-provider": {
      "version": "4.6.2",
      "resolved": "https://registry.npmjs.org/@smithy/node-config-provider/-/node-config-provider-4.6.2.tgz",
      "integrity": "sha512-zMrXu/O5tPa7GLtra8L4wFG6DACcXT9QV4Ay+WEAjUhXm1dVq7c/q9Qv9gkJZNLY8hmQKg08778kDcxpKNMqOA==",
      "license": "Apache-2.0",
      "dependencies": {
        "@smithy/core": "^3.33.2",
        "tslib": "^2.6.2"
      },
      "engines": {
        "node": ">=18.0.0"
      }
    },
    "node_modules/@smithy/node-http-handler": {
      "version": "4.12.1",
      "resolved": "https://registry.npmjs.org/@smithy/node-http-handler/-/node-http-handler-4.12.1.tgz",
      "integrity": "sha512-ThMkboGeONWXAelq9FvGsuJC4rOi+qyC4/zhUF58xYpxUg5sQKx2VXZYJmtNjr4dSuBJ1HeJXETQILCz3wOHvw==",
      "license": "Apache-2.0",
      "dependencies": {
        "@smithy/core": "^3.33.3",
        "@smithy/types": "^4.18.0",
        "tslib": "^2.6.2"
      },
      "engines": {
        "node": ">=18.0.0"
      }
    },
    "node_modules/@smithy/property-provider": {
      "version": "4.5.2",
      "resolved": "https://registry.npmjs.org/@smithy/property-provider/-/property-provider-4.5.2.tgz",
      "integrity": "sha512-SPJCSCCGpHf5g5b8244ig3WVKIdv2DS+X6cfmy4bpKEYo4VlLYM+bGHpHbfbmp76vegMKQBvs7DEpwQ5YuhKLA==",
      "license": "Apache-2.0",
      "dependencies": {
        "@smithy/core": "^3.33.2",
        "tslib": "^2.6.2"
      },
      "engines": {
        "node": ">=18.0.0"
      }
    },
    "node_modules/@smithy/protocol-http": {
      "version": "5.6.2",
      "resolved": "https://registry.npmjs.org/@smithy/protocol-http/-/protocol-http-5.6.2.tgz",
      "integrity": "sha512-Asd04MaxODN6FNY8EPTeCAM4kPNi3jDUAjZU0Y4F9rHvpLUrrUo7KLcxFgSthywFr6dZfIyDLIJda6jxmVTk5w==",
      "license": "Apache-2.0",
      "dependencies": {
        "@smithy/core": "^3.33.2",
        "tslib": "^2.6.2"
      },
      "engines": {
        "node": ">=18.0.0"
      }
    },
    "node_modules/@smithy/shared-ini-file-loader": {
      "version": "4.7.2",
      "resolved": "https://registry.npmjs.org/@smithy/shared-ini-file-loader/-/shared-ini-file-loader-4.7.2.tgz",
      "integrity": "sha512-XsIDj5gVG4YRxGS4n4TiBDAogPWRHXKZyor6JW/sEuaa/7BvKADe9j45jI2dPYCnYbKkLBmbZ4qN9ns0sH+kMQ==",
      "license": "Apache-2.0",
      "dependencies": {
        "@smithy/core": "^3.33.2",
        "tslib": "^2.6.2"
      },
      "engines": {
        "node": ">=18.0.0"
      }
    },
    "node_modules/@smithy/signature-v4": {
      "version": "5.7.4",
      "resolved": "https://registry.npmjs.org/@smithy/signature-v4/-/signature-v4-5.7.4.tgz",
      "integrity": "sha512-tHy0K0VtqNd5Y7Y41h0a0Lhh0L1GzC08dTWg0F7vRJWFtTENg7IZikf3wQkanYIRdb7ngoIPMTmqgUi401fEeQ==",
      "license": "Apache-2.0",
      "dependencies": {
        "@smithy/core": "^3.35.0",
        "@smithy/types": "^4.19.0",
        "tslib": "^2.6.2"
      },
      "engines": {
        "node": ">=18.0.0"
      }
    },
    "node_modules/@smithy/smithy-client": {
      "version": "4.15.2",
      "resolved": "https://registry.npmjs.org/@smithy/smithy-client/-/smithy-client-4.15.2.tgz",
      "integrity": "sha512-qweA7dHwcWmq8IN2mIGo7nAfeji1nwWBra+P3nz4R8W8yoQYE6Iy2bN33I0W3d50MN/V5EiDY/nElr4EHITsrg==",
      "license": "Apache-2.0",
      "dependencies": {
        "@smithy/core": "^3.33.2",
        "@smithy/types": "^4.17.2",
        "tslib": "^2.6.2"
      },
      "engines": {
        "node": ">=18.0.0"
      }
    },
    "node_modules/@smithy/types": {
      "version": "4.19.0",
      "resolved": "https://registry.npmjs.org/@smithy/types/-/types-4.19.0.tgz",
      "integrity": "sha512-r7jh49VJxGerfAcTQA6gXcKc+98zOp/tqRwzYjgOE+iSQsP6cEU1hq2QzbuipmP68QtYdY9wKEhiCQZIzHgZ4Q==",
      "license": "Apache-2.0",
      "dependencies": {
        "tslib": "^2.6.2"
      },
      "engines": {
        "node": ">=18.0.0"
      }
    },
    "node_modules/@smithy/url-parser": {
      "version": "4.5.2",
      "resolved": "https://registry.npmjs.org/@smithy/url-parser/-/url-parser-4.5.2.tgz",
      "integrity": "sha512-xqZcyU/YjOt9ofe8WM1y9aCaAmxel2iRiHpkT0x2BN++mRXw0M4VdxPAOtuux279JndY6wWMiOt5BJ2xmAuMYA==",
      "license": "Apache-2.0",
      "dependencies": {
        "@smithy/core": "^3.33.2",
        "tslib": "^2.6.2"
      },
      "engines": {
        "node": ">=18.0.0"
      }
    },
    "node_modules/@smithy/util-base64": {
      "version": "4.6.2",
      "resolved": "https://registry.npmjs.org/@smithy/util-base64/-/util-base64-4.6.2.tgz",
      "integrity": "sha512-wTQX1hPfElIqY6AzM/s6c4UgpMxCL4MwJ5u6340ksLPq78lur6Y+keheIDk5gMX4G3KFh4MERcDt6xhRq+ie1Q==",
      "license": "Apache-2.0",
      "dependencies": {
        "@smithy/core": "^3.33.2",
        "tslib": "^2.6.2"
      },
      "engines": {
        "node": ">=18.0.0"
      }
    },
    "node_modules/@smithy/util-body-length-browser": {
      "version": "4.5.2",
      "resolved": "https://registry.npmjs.org/@smithy/util-body-length-browser/-/util-body-length-browser-4.5.2.tgz",
      "integrity": "sha512-QyeUSin/R2nz0hXZ5ObTvhmCQomsr6+ZyHygab5AH5+fTY5xVDQeX1DFKp9uPEwOs6RW26jEn9yqq+4yqIZDrA==",
      "license": "Apache-2.0",
      "dependencies": {
        "@smithy/core": "^3.33.2",
        "tslib": "^2.6.2"
      },
      "engines": {
        "node": ">=18.0.0"
      }
    },
    "node_modules/@smithy/util-body-length-node": {
      "version": "4.5.2",
      "resolved": "https://registry.npmjs.org/@smithy/util-body-length-node/-/util-body-length-node-4.5.2.tgz",
      "integrity": "sha512-SErsW8pBKTCkFEA1RoChwW6/8JYzdcWqWDOsRP0xOtxMYsHOUMcldkcQjtujpKSy2FtlywqygCOxSKarc4TAZw==",
      "license": "Apache-2.0",
      "dependencies": {
        "@smithy/core": "^3.33.2",
        "tslib": "^2.6.2"
      },
      "engines": {
        "node": ">=18.0.0"
      }
    },
    "node_modules/@smithy/util-buffer-from": {
      "version": "2.2.0",
      "resolved": "https://registry.npmjs.org/@smithy/util-buffer-from/-/util-buffer-from-2.2.0.tgz",
      "integrity": "sha512-IJdWBbTcMQ6DA0gdNhh/BwrLkDR+ADW5Kr1aZmd4k3DIF6ezMV4R2NIAmT08wQJ3yUK82thHWmC/TnK/wpMMIA==",
      "license": "Apache-2.0",
      "dependencies": {
        "@smithy/is-array-buffer": "^2.2.0",
        "tslib": "^2.6.2"
      },
      "engines": {
        "node": ">=14.0.0"
      }
    },
    "node_modules/@smithy/util-config-provider": {
      "version": "4.5.2",
      "resolved": "https://registry.npmjs.org/@smithy/util-config-provider/-/util-config-provider-4.5.2.tgz",
      "integrity": "sha512-bAtInttsiHw9HX/vaNUU6Nj8pWqxMNKD0okEsjr8StgKwRdzN4mpl4/P7/en2JNCWlCyterSDOoveptct/jOGg==",
      "license": "Apache-2.0",
      "dependencies": {
        "@smithy/core": "^3.33.2",
        "tslib": "^2.6.2"
      },
      "engines": {
        "node": ">=18.0.0"
      }
    },
    "node_modules/@smithy/util-defaults-mode-browser": {
      "version": "4.6.2",
      "resolved": "https://registry.npmjs.org/@smithy/util-defaults-mode-browser/-/util-defaults-mode-browser-4.6.2.tgz",
      "integrity": "sha512-wENSdyLXVzupl1nyPK7JP/wt6Lkph/psRgocKli5NLh7O936L66FrZQ/I9HBHwZ5N0Z4MJUoj8qNdw+/6cTRgA==",
      "license": "Apache-2.0",
      "dependencies": {
        "@smithy/core": "^3.33.2",
        "tslib": "^2.6.2"
      },
      "engines": {
        "node": ">=18.0.0"
      }
    },
    "node_modules/@smithy/util-defaults-mode-node": {
      "version": "4.5.2",
      "resolved": "https://registry.npmjs.org/@smithy/util-defaults-mode-node/-/util-defaults-mode-node-4.5.2.tgz",
      "integrity": "sha512-3915rhdCibo7Do927AFV6pXxsIiaKOZGGexJ3LnT2l5CgJZi3DPqZ2ZMhYTIPjiRA3asHhPe0gaFBtxuqXC8aA==",
      "license": "Apache-2.0",
      "dependencies": {
        "@smithy/core": "^3.33.2",
        "tslib": "^2.6.2"
      },
      "engines": {
        "node": ">=18.0.0"
      }
    },
    "node_modules/@smithy/util-endpoints": {
      "version": "3.7.2",
      "resolved": "https://registry.npmjs.org/@smithy/util-endpoints/-/util-endpoints-3.7.2.tgz",
      "integrity": "sha512-16wQS3r4gXctr9/uYB0OUAUOm1LZLUKAsBeG364l64OalFwsRRvgO+AjL3OYxmxt060z1ExchX2ayrNVfM0r9Q==",
      "license": "Apache-2.0",
      "dependencies": {
        "@smithy/core": "^3.33.2",
        "tslib": "^2.6.2"
      },
      "engines": {
        "node": ">=18.0.0"
      }
    },
    "node_modules/@smithy/util-middleware": {
      "version": "4.5.2",
      "resolved": "https://registry.npmjs.org/@smithy/util-middleware/-/util-middleware-4.5.2.tgz",
      "integrity": "sha512-wmfA04AZqTwu10EWGKUu4dm/3BZfSedqlqAiQPWVr8OkwFh0MovRDBwc48Pzd2YEEjqpI0JwXVk65TBarff3wQ==",
      "license": "Apache-2.0",
      "dependencies": {
        "@smithy/core": "^3.33.2",
        "tslib": "^2.6.2"
      },
      "engines": {
        "node": ">=18.0.0"
      }
    },
    "node_modules/@smithy/util-retry": {
      "version": "4.6.2",
      "resolved": "https://registry.npmjs.org/@smithy/util-retry/-/util-retry-4.6.2.tgz",
      "integrity": "sha512-q6MXFNu+W4ZCNdNKutzDLP/Hzumd1FU9CQX++P/7ylanYIYiGhgZwSzwZWAw+G1RNcfY+RBYv61XcGlSYhj+BA==",
      "license": "Apache-2.0",
      "dependencies": {
        "@smithy/core": "^3.33.2",
        "tslib": "^2.6.2"
      },
      "engines": {
        "node": ">=18.0.0"
      }
    },
    "node_modules/@smithy/util-stream": {
      "version": "4.8.2",
      "resolved": "https://registry.npmjs.org/@smithy/util-stream/-/util-stream-4.8.2.tgz",
      "integrity": "sha512-R+S7jmu8VdbtOygMUSIGfkmOBp0SowT8+8LZdk21oXdmmKfN4G/bwN5IGIi0UH3RwWc9KJWDH1Dzm45DClyUvw==",
      "license": "Apache-2.0",
      "dependencies": {
        "@smithy/core": "^3.33.2",
        "tslib": "^2.6.2"
      },
      "engines": {
        "node": ">=18.0.0"
      }
    },
    "node_modules/@smithy/util-utf8": {
      "version": "4.5.2",
      "resolved": "https://registry.npmjs.org/@smithy/util-utf8/-/util-utf8-4.5.2.tgz",
      "integrity": "sha512-7wNWV7SugHpcMA7uzEawJNpE0GrasXM7a9E+1+Wm6NxVuDClESac/AKt+G7jMZNUz5vBLWqKlqVV7Sv7AtUr6Q==",
      "license": "Apache-2.0",
      "dependencies": {
        "@smithy/core": "^3.33.2",
        "tslib": "^2.6.2"
      },
      "engines": {
        "node": ">=18.0.0"
      }
    },
    "node_modules/agent-base": {
      "version": "7.1.4",
      "resolved": "https://registry.npmjs.org/agent-base/-/agent-base-7.1.4.tgz",
      "integrity": "sha512-MnA+YT8fwfJPgBx3m60MNqakm30XOkyIoH1y6huTQvC0PwZG7ki8NacLBcrPbNoo8vEZy7Jpuk7+jMO+CUovTQ==",
      "license": "MIT",
      "engines": {
        "node": ">= 14"
      }
    },
    "node_modules/anynum": {
      "version": "1.0.1",
      "resolved": "https://registry.npmjs.org/anynum/-/anynum-1.0.1.tgz",
      "integrity": "sha512-N6//FLET/tXYNM/F6ABca1oH6fWB+KlTt909Le28WMDBk8oaT4vY17DCrwg2MvmuqUKt3Ni4N5dGJ/EoBgcO6A==",
      "funding": [
        {
          "type": "github",
          "url": "https://github.com/sponsors/NaturalIntelligence"
        }
      ],
      "license": "MIT"
    },
    "node_modules/asn1.js": {
      "version": "5.4.1",
      "resolved": "https://registry.npmjs.org/asn1.js/-/asn1.js-5.4.1.tgz",
      "integrity": "sha512-+I//4cYPccV8LdmBLiX8CYvf9Sp3vQsrqu2QNXRcrbiWvcx/UdlFiqUJJzxRQxgsZmvhXhn4cSKeSmoFjVdupA==",
      "license": "MIT",
      "dependencies": {
        "bn.js": "^4.0.0",
        "inherits": "^2.0.1",
        "minimalistic-assert": "^1.0.0",
        "safer-buffer": "^2.1.0"
      }
    },
    "node_modules/bn.js": {
      "version": "4.12.5",
      "resolved": "https://registry.npmjs.org/bn.js/-/bn.js-4.12.5.tgz",
      "integrity": "sha512-3aRg6/JxfffFD+OlOjOFR3Vo79l39ooBTFucxx+MT3dhCtzn3EmiUPQo+6/OZuI2jbXi3YKgmiTFBgChQMwIRQ==",
      "license": "MIT"
    },
    "node_modules/bowser": {
      "version": "2.14.1",
      "resolved": "https://registry.npmjs.org/bowser/-/bowser-2.14.1.tgz",
      "integrity": "sha512-tzPjzCxygAKWFOJP011oxFHs57HzIhOEracIgAePE4pqB3LikALKnSzUyU4MGs9/iCEUuHlAJTjTc5M+u7YEGg==",
      "license": "MIT"
    },
    "node_modules/buffer-equal-constant-time": {
      "version": "1.0.1",
      "resolved": "https://registry.npmjs.org/buffer-equal-constant-time/-/buffer-equal-constant-time-1.0.1.tgz",
      "integrity": "sha512-zRpUiDwd/xk6ADqPMATG8vc9VPrkck7T07OIx0gnjmJAnHnTVXNQG3vfvWNuiZIkwu9KrKdA1iJKfsfTVxE6NA==",
      "license": "BSD-3-Clause"
    },
    "node_modules/debug": {
      "version": "4.4.3",
      "resolved": "https://registry.npmjs.org/debug/-/debug-4.4.3.tgz",
      "integrity": "sha512-RGwwWnwQvkVfavKVt22FGLw+xYSdzARwm0ru6DhTVA3umU5hZc28V3kO4stgYryrTlLpuvgI9GiijltAjNbcqA==",
      "license": "MIT",
      "dependencies": {
        "ms": "^2.1.3"
      },
      "engines": {
        "node": ">=6.0"
      },
      "peerDependenciesMeta": {
        "supports-color": {
          "optional": true
        }
      }
    },
    "node_modules/ecdsa-sig-formatter": {
      "version": "1.0.11",
      "resolved": "https://registry.npmjs.org/ecdsa-sig-formatter/-/ecdsa-sig-formatter-1.0.11.tgz",
      "integrity": "sha512-nagl3RYrbNv6kQkeJIpt6NJZy8twLB/2vtz6yN9Z4vRKHN4/QZJIEbqohALSgwKdnksuY3k5Addp5lg8sVoVcQ==",
      "license": "Apache-2.0",
      "dependencies": {
        "safe-buffer": "^5.0.1"
      }
    },
    "node_modules/fast-xml-parser": {
      "version": "5.2.5",
      "resolved": "https://registry.npmjs.org/fast-xml-parser/-/fast-xml-parser-5.2.5.tgz",
      "integrity": "sha512-pfX9uG9Ki0yekDHx2SiuRIyFdyAr1kMIMitPvb0YBo8SUfKvia7w7FIyd/l6av85pFYRhZscS75MwMnbvY+hcQ==",
      "funding": [
        {
          "type": "github",
          "url": "https://github.com/sponsors/NaturalIntelligence"
        }
      ],
      "license": "MIT",
      "dependencies": {
        "strnum": "^2.1.0"
      },
      "bin": {
        "fxparser": "src/cli/cli.js"
      }
    },
    "node_modules/http_ece": {
      "version": "1.2.0",
      "resolved": "https://registry.npmjs.org/http_ece/-/http_ece-1.2.0.tgz",
      "integrity": "sha512-JrF8SSLVmcvc5NducxgyOrKXe3EsyHMgBFgSaIUGmArKe+rwr0uphRkRXvwiom3I+fpIfoItveHrfudL8/rxuA==",
      "license": "MIT",
      "engines": {
        "node": ">=16"
      }
    },
    "node_modules/https-proxy-agent": {
      "version": "7.0.6",
      "resolved": "https://registry.npmjs.org/https-proxy-agent/-/https-proxy-agent-7.0.6.tgz",
      "integrity": "sha512-vK9P5/iUfdl95AI+JVyUuIcVtd4ofvtrOr3HNtM2yxC9bnMbEdp3x01OhQNnjb8IJYi38VlTE3mBXwcfvywuSw==",
      "license": "MIT",
      "dependencies": {
        "agent-base": "^7.1.2",
        "debug": "4"
      },
      "engines": {
        "node": ">= 14"
      }
    },
    "node_modules/inherits": {
      "version": "2.0.4",
      "resolved": "https://registry.npmjs.org/inherits/-/inherits-2.0.4.tgz",
      "integrity": "sha512-k/vGaX4/Yla3WzyMCvTQOXYeIHvqOKtnqBduzTHpzpQZzAskKMhZ2K+EnBiSM9zGSoIFeMpXKxa4dYeZIQqewQ==",
      "license": "ISC"
    },
    "node_modules/jwa": {
      "version": "2.0.1",
      "resolved": "https://registry.npmjs.org/jwa/-/jwa-2.0.1.tgz",
      "integrity": "sha512-hRF04fqJIP8Abbkq5NKGN0Bbr3JxlQ+qhZufXVr0DvujKy93ZCbXZMHDL4EOtodSbCWxOqR8MS1tXA5hwqCXDg==",
      "license": "MIT",
      "dependencies": {
        "buffer-equal-constant-time": "^1.0.1",
        "ecdsa-sig-formatter": "1.0.11",
        "safe-buffer": "^5.0.1"
      }
    },
    "node_modules/jws": {
      "version": "4.0.1",
      "resolved": "https://registry.npmjs.org/jws/-/jws-4.0.1.tgz",
      "integrity": "sha512-EKI/M/yqPncGUUh44xz0PxSidXFr/+r0pA70+gIYhjv+et7yxM+s29Y+VGDkovRofQem0fs7Uvf4+YmAdyRduA==",
      "license": "MIT",
      "dependencies": {
        "jwa": "^2.0.1",
        "safe-buffer": "^5.0.1"
      }
    },
    "node_modules/minimalistic-assert": {
      "version": "1.0.1",
      "resolved": "https://registry.npmjs.org/minimalistic-assert/-/minimalistic-assert-1.0.1.tgz",
      "integrity": "sha512-UtJcAD4yEaGtjPezWuO9wC4nwUnVH/8/Im3yEHQP4b67cXlD/Qr9hdITCU1xDbSEXg2XKNaP8jsReV7vQd00/A==",
      "license": "ISC"
    },
    "node_modules/minimist": {
      "version": "1.2.8",
      "resolved": "https://registry.npmjs.org/minimist/-/minimist-1.2.8.tgz",
      "integrity": "sha512-2yyAR8qBkN3YuheJanUpWC5U3bb5osDywNB8RzDVlDwDHbocAJveqqj1u8+SVD7jkWT4yvsHCpWqqWqAxb0zCA==",
      "license": "MIT",
      "funding": {
        "url": "https://github.com/sponsors/ljharb"
      }
    },
    "node_modules/ms": {
      "version": "2.1.3",
      "resolved": "https://registry.npmjs.org/ms/-/ms-2.1.3.tgz",
      "integrity": "sha512-6FlzubTLZG3J2a/NVCAleEhjzq5oxgHyaCU9yYXvcLsvoVaHJq/s5xXI6/XXP6tz7R9xAOtHnSO/tXtF3WRTlA==",
      "license": "MIT"
    },
    "node_modules/safe-buffer": {
      "version": "5.2.1",
      "resolved": "https://registry.npmjs.org/safe-buffer/-/safe-buffer-5.2.1.tgz",
      "integrity": "sha512-rp3So07KcdmmKbGvgaNxQSJr7bGVSVk5S9Eq1F+ppbRo70+YeaDxkw5Dd8NPN+GD6bjnYm2VuPuCXmpuYvmCXQ==",
      "funding": [
        {
          "type": "github",
          "url": "https://github.com/sponsors/feross"
        },
        {
          "type": "patreon",
          "url": "https://www.patreon.com/feross"
        },
        {
          "type": "consulting",
          "url": "https://feross.org/support"
        }
      ],
      "license": "MIT"
    },
    "node_modules/safer-buffer": {
      "version": "2.1.2",
      "resolved": "https://registry.npmjs.org/safer-buffer/-/safer-buffer-2.1.2.tgz",
      "integrity": "sha512-YZo3K82SD7Riyi0E1EQPojLz7kpepnSQI9IyPbHHg1XXXevb5dJI7tpyN2ADxGcQbHG7vcyRHk0cbwqcQriUtg==",
      "license": "MIT"
    },
    "node_modules/strnum": {
      "version": "2.4.2",
      "resolved": "https://registry.npmjs.org/strnum/-/strnum-2.4.2.tgz",
      "integrity": "sha512-rDG3Ah4TV0k1hWvLSzkZtMmLN9+eS+h3knq4MP6A42Y3Yh5qGNnOUs1jJkoSr8FG5dsL28c7KgkIBzSEykqtuw==",
      "funding": [
        {
          "type": "github",
          "url": "https://github.com/sponsors/NaturalIntelligence"
        }
      ],
      "license": "MIT",
      "dependencies": {
        "anynum": "^1.0.1"
      }
    },
    "node_modules/tslib": {
      "version": "2.8.1",
      "resolved": "https://registry.npmjs.org/tslib/-/tslib-2.8.1.tgz",
      "integrity": "sha512-oJFu94HQb+KVduSUQL7wnpmqnfmLsOA/nAh6b6EH0wCEoK0/mPeXU6c3wKDV83MkOuHPRHtSXKKU99IBazS/2w==",
      "license": "0BSD"
    },
    "node_modules/web-push": {
      "version": "3.6.7",
      "resolved": "https://registry.npmjs.org/web-push/-/web-push-3.6.7.tgz",
      "integrity": "sha512-OpiIUe8cuGjrj3mMBFWY+e4MMIkW3SVT+7vEIjvD9kejGUypv8GPDf84JdPWskK8zMRIJ6xYGm+Kxr8YkPyA0A==",
      "license": "MPL-2.0",
      "dependencies": {
        "asn1.js": "^5.3.0",
        "http_ece": "1.2.0",
        "https-proxy-agent": "^7.0.0",
        "jws": "^4.0.0",
        "minimist": "^1.2.5"
      },
      "bin": {
        "web-push": "src/cli.js"
      },
      "engines": {
        "node": ">= 16"
      }
    }
  }
}
